
Microsoft Visual Studio Solution File, Format Version 12.00
# Visual Studio Version 17
VisualStudioVersion = 17.4.34408.133
MinimumVisualStudioVersion = 10.0.40219.1
Project("{2150E333-8FDC-42A3-9474-1A3956D46DE8}") = "CircuitBreaker", "CircuitBreaker", "{0FA8D0A8-7E65-45F0-B14E-11E0ED86A4E1}"
EndProject
Project("{2150E333-8FDC-42A3-9474-1A3956D46DE8}") = "Notes", "Notes", "{1AC23907-C060-46AD-8B57-362F9F332666}"
	ProjectSection(SolutionItems) = preProject
		CircuitBreakerPatterns.txt = CircuitBreakerPatterns.txt
		DesignPatternDetails.txt = DesignPatternDetails.txt
		NotesData.txt = NotesData.txt
		NotesMixed.txt = NotesMixed.txt
		SagaDesignPatternNotes.txt = SagaDesignPatternNotes.txt
		system design important concepts .pdf = system design important concepts .pdf
		UnitOfWorkNotes.txt = UnitOfWorkNotes.txt
	EndProjectSection
EndProject
Project("{9A19103F-16F7-4668-BE54-9A1E7A4F7556}") = "CircuitBreakerWithOutPolly", "CircuitBreakerWithOutPolly\CircuitBreakerWithOutPolly.csproj", "{2AF734BB-563C-475F-B3D6-BF6DC3A1E8A4}"
EndProject
Project("{9A19103F-16F7-4668-BE54-9A1E7A4F7556}") = "SagaPattern", "SagaPattern\SagaPattern\SagaPattern.csproj", "{61E94D06-71C9-4D8C-ACDB-DBACD052F225}"
EndProject
Project("{9A19103F-16F7-4668-BE54-9A1E7A4F7556}") = "SagaPatternTests", "SagaPattern\SagaPatternTests\SagaPatternTests.csproj", "{BB55821F-7B33-42F9-932A-174CF72FA6AD}"
EndProject
Project("{2150E333-8FDC-42A3-9474-1A3956D46DE8}") = "UnitOfWork", "UnitOfWork", "{DC004310-3502-4A7A-8B0C-FEB2A93634A8}"
EndProject
Project("{9A19103F-16F7-4668-BE54-9A1E7A4F7556}") = "UnitOfWorkWithDotnet6", "UnitOfWork\UnitOfWorkWithDotnet6\UnitOfWorkWithDotnet6.csproj", "{1B442DD9-3F00-4E54-8E81-08A91756BAEA}"
EndProject
Project("{2150E333-8FDC-42A3-9474-1A3956D46DE8}") = "SOLID", "SOLID", "{1B3F1247-3D6D-4D64-9426-FF896505E084}"
	ProjectSection(SolutionItems) = preProject
		SOLID\SOLIDNotes.txt = SOLID\SOLIDNotes.txt
	EndProjectSection
EndProject
Project("{9A19103F-16F7-4668-BE54-9A1E7A4F7556}") = "LSP", "SOLID\LSP\LSP.csproj", "{7E845263-121D-48B7-B6A2-E76C9F5D5514}"
EndProject
Project("{2150E333-8FDC-42A3-9474-1A3956D46DE8}") = "StrategyDesignPattern", "StrategyDesignPattern", "{6300C51F-705E-4DB2-A7D2-E35B84462FF4}"
	ProjectSection(SolutionItems) = preProject
		StrategyDesignPattern\StrategyPatternNotes.txt = StrategyDesignPattern\StrategyPatternNotes.txt
	EndProjectSection
EndProject
Project("{9A19103F-16F7-4668-BE54-9A1E7A4F7556}") = "WithOutStrategyPattern", "StrategyDesignPattern\WithOutStrategyPattern\WithOutStrategyPattern.csproj", "{4741EBB2-FB03-408A-A324-B553B68BFA3B}"
EndProject
Project("{9A19103F-16F7-4668-BE54-9A1E7A4F7556}") = "WithStrategyPattern", "StrategyDesignPattern\WithStrategyPattern\WithStrategyPattern.csproj", "{8CBDE28C-B470-46A2-BC8E-58D0808420CD}"
EndProject
Project("{2150E333-8FDC-42A3-9474-1A3956D46DE8}") = "ObserverDesignPattern", "ObserverDesignPattern", "{F664D8FE-7457-4705-85F2-B1747D475B78}"
	ProjectSection(SolutionItems) = preProject
		ObserverDesignPattern\ObserverDesignNotes.txt = ObserverDesignPattern\ObserverDesignNotes.txt
	EndProjectSection
EndProject
Project("{9A19103F-16F7-4668-BE54-9A1E7A4F7556}") = "WithoutLSP", "SOLID\WithoutLSP\WithoutLSP.csproj", "{C3DCD358-870D-41FB-A0A1-1F5168FFBA51}"
EndProject
Project("{9A19103F-16F7-4668-BE54-9A1E7A4F7556}") = "NotificationSystem", "ObserverDesignPattern\NotificationSystem\NotificationSystem.csproj", "{F4D9D157-AED5-4223-87B9-35C5D98B18CC}"
EndProject
Project("{2150E333-8FDC-42A3-9474-1A3956D46DE8}") = "RateLimiter", "RateLimiter", "{F6CB8FDB-9348-4759-B769-527D9902D0C6}"
	ProjectSection(SolutionItems) = preProject
		RateLimiter\RateLimterNotes.txt = RateLimiter\RateLimterNotes.txt
	EndProjectSection
EndProject
Project("{9A19103F-16F7-4668-BE54-9A1E7A4F7556}") = "RateLimiterFixedWindowDemo", "RateLimiter\RateLimiterFixedWindowDemo\RateLimiterFixedWindowDemo.csproj", "{05899317-04E3-4316-BCDF-6FDCD026FB54}"
EndProject
Project("{2150E333-8FDC-42A3-9474-1A3956D46DE8}") = "ChainResponsibilityDesignPattern", "ChainResponsibilityDesignPattern", "{B6590151-0599-4C7D-83C5-F5EAA423029D}"
	ProjectSection(SolutionItems) = preProject
		LLDChainResponsibilityDesignPattern\Notes.txt = LLDChainResponsibilityDesignPattern\Notes.txt
	EndProjectSection
EndProject
Project("{9A19103F-16F7-4668-BE54-9A1E7A4F7556}") = "ChainResponsibilityDesignPattern", "LLDChainResponsibilityDesignPattern\ChainResponsibilityDesignPattern\ChainResponsibilityDesignPattern.csproj", "{8388692D-1A2D-4EE5-B028-1850ED49279E}"
EndProject
Project("{2150E333-8FDC-42A3-9474-1A3956D46DE8}") = "ProxyDesignPattern", "ProxyDesignPattern", "{84428967-BF87-49D2-9203-E0DD80B1F8F3}"
	ProjectSection(SolutionItems) = preProject
		ProxyDesignPattern\ProxyDesignPatternNotes.txt = ProxyDesignPattern\ProxyDesignPatternNotes.txt
	EndProjectSection
EndProject
Project("{FAE04EC0-301F-11D3-BF4B-00C04F79EFBC}") = "ProxyDesignPatternDemo", "ProxyDesignPattern\ProxyDesignPatternDemo\ProxyDesignPatternDemo.csproj", "{7D90A21D-BD28-45F3-B46F-E6E9DECA5FC6}"
EndProject
Project("{2150E333-8FDC-42A3-9474-1A3956D46DE8}") = "AdapterDesignPattern", "AdapterDesignPattern", "{DD8F8168-692F-44CD-9C78-07C9E87A2BA2}"
EndProject
Project("{2150E333-8FDC-42A3-9474-1A3956D46DE8}") = "FacadeDesignPattern", "FacadeDesignPattern", "{881ECE6E-65DC-4273-80E4-789BE76392C6}"
	ProjectSection(SolutionItems) = preProject
		FacadeDesignPattern\FacadeNotes.txt = FacadeDesignPattern\FacadeNotes.txt
	EndProjectSection
EndProject
Project("{FAE04EC0-301F-11D3-BF4B-00C04F79EFBC}") = "FacadeDesignPatternDemo", "FacadeDesignPattern\FacadeDesignPatternDemo\FacadeDesignPatternDemo.csproj", "{79ABA6F7-6A18-41C5-88DD-6F9CDB5D4D03}"
EndProject
Project("{2150E333-8FDC-42A3-9474-1A3956D46DE8}") = "DecoratorDesignPattern", "DecoratorDesignPattern", "{0931795E-EE8B-445C-9CA3-51E42EB2EED5}"
	ProjectSection(SolutionItems) = preProject
		DecoratorDesignPattern\DecoratorNotes.txt = DecoratorDesignPattern\DecoratorNotes.txt
	EndProjectSection
EndProject
Project("{FAE04EC0-301F-11D3-BF4B-00C04F79EFBC}") = "AdapterDesignPatternDemo", "AdapterDesignPattern\AdapterDesignPatternDemo\AdapterDesignPatternDemo.csproj", "{6B7D9CA9-BE59-4A4D-B70D-64662FBBDE02}"
EndProject
Global
	GlobalSection(SolutionConfigurationPlatforms) = preSolution
		Debug|Any CPU = Debug|Any CPU
		Release|Any CPU = Release|Any CPU
	EndGlobalSection
	GlobalSection(ProjectConfigurationPlatforms) = postSolution
		{2AF734BB-563C-475F-B3D6-BF6DC3A1E8A4}.Debug|Any CPU.ActiveCfg = Debug|Any CPU
		{2AF734BB-563C-475F-B3D6-BF6DC3A1E8A4}.Debug|Any CPU.Build.0 = Debug|Any CPU
		{2AF734BB-563C-475F-B3D6-BF6DC3A1E8A4}.Release|Any CPU.ActiveCfg = Release|Any CPU
		{2AF734BB-563C-475F-B3D6-BF6DC3A1E8A4}.Release|Any CPU.Build.0 = Release|Any CPU
		{61E94D06-71C9-4D8C-ACDB-DBACD052F225}.Debug|Any CPU.ActiveCfg = Debug|Any CPU
		{61E94D06-71C9-4D8C-ACDB-DBACD052F225}.Debug|Any CPU.Build.0 = Debug|Any CPU
		{61E94D06-71C9-4D8C-ACDB-DBACD052F225}.Release|Any CPU.ActiveCfg = Release|Any CPU
		{61E94D06-71C9-4D8C-ACDB-DBACD052F225}.Release|Any CPU.Build.0 = Release|Any CPU
		{BB55821F-7B33-42F9-932A-174CF72FA6AD}.Debug|Any CPU.ActiveCfg = Debug|Any CPU
		{BB55821F-7B33-42F9-932A-174CF72FA6AD}.Debug|Any CPU.Build.0 = Debug|Any CPU
		{BB55821F-7B33-42F9-932A-174CF72FA6AD}.Release|Any CPU.ActiveCfg = Release|Any CPU
		{BB55821F-7B33-42F9-932A-174CF72FA6AD}.Release|Any CPU.Build.0 = Release|Any CPU
		{1B442DD9-3F00-4E54-8E81-08A91756BAEA}.Debug|Any CPU.ActiveCfg = Debug|Any CPU
		{1B442DD9-3F00-4E54-8E81-08A91756BAEA}.Debug|Any CPU.Build.0 = Debug|Any CPU
		{1B442DD9-3F00-4E54-8E81-08A91756BAEA}.Release|Any CPU.ActiveCfg = Release|Any CPU
		{1B442DD9-3F00-4E54-8E81-08A91756BAEA}.Release|Any CPU.Build.0 = Release|Any CPU
		{7E845263-121D-48B7-B6A2-E76C9F5D5514}.Debug|Any CPU.ActiveCfg = Debug|Any CPU
		{7E845263-121D-48B7-B6A2-E76C9F5D5514}.Debug|Any CPU.Build.0 = Debug|Any CPU
		{7E845263-121D-48B7-B6A2-E76C9F5D5514}.Release|Any CPU.ActiveCfg = Release|Any CPU
		{7E845263-121D-48B7-B6A2-E76C9F5D5514}.Release|Any CPU.Build.0 = Release|Any CPU
		{4741EBB2-FB03-408A-A324-B553B68BFA3B}.Debug|Any CPU.ActiveCfg = Debug|Any CPU
		{4741EBB2-FB03-408A-A324-B553B68BFA3B}.Debug|Any CPU.Build.0 = Debug|Any CPU
		{4741EBB2-FB03-408A-A324-B553B68BFA3B}.Release|Any CPU.ActiveCfg = Release|Any CPU
		{4741EBB2-FB03-408A-A324-B553B68BFA3B}.Release|Any CPU.Build.0 = Release|Any CPU
		{8CBDE28C-B470-46A2-BC8E-58D0808420CD}.Debug|Any CPU.ActiveCfg = Debug|Any CPU
		{8CBDE28C-B470-46A2-BC8E-58D0808420CD}.Debug|Any CPU.Build.0 = Debug|Any CPU
		{8CBDE28C-B470-46A2-BC8E-58D0808420CD}.Release|Any CPU.ActiveCfg = Release|Any CPU
		{8CBDE28C-B470-46A2-BC8E-58D0808420CD}.Release|Any CPU.Build.0 = Release|Any CPU
		{C3DCD358-870D-41FB-A0A1-1F5168FFBA51}.Debug|Any CPU.ActiveCfg = Debug|Any CPU
		{C3DCD358-870D-41FB-A0A1-1F5168FFBA51}.Debug|Any CPU.Build.0 = Debug|Any CPU
		{C3DCD358-870D-41FB-A0A1-1F5168FFBA51}.Release|Any CPU.ActiveCfg = Release|Any CPU
		{C3DCD358-870D-41FB-A0A1-1F5168FFBA51}.Release|Any CPU.Build.0 = Release|Any CPU
		{F4D9D157-AED5-4223-87B9-35C5D98B18CC}.Debug|Any CPU.ActiveCfg = Debug|Any CPU
		{F4D9D157-AED5-4223-87B9-35C5D98B18CC}.Debug|Any CPU.Build.0 = Debug|Any CPU
		{F4D9D157-AED5-4223-87B9-35C5D98B18CC}.Release|Any CPU.ActiveCfg = Release|Any CPU
		{F4D9D157-AED5-4223-87B9-35C5D98B18CC}.Release|Any CPU.Build.0 = Release|Any CPU
		{05899317-04E3-4316-BCDF-6FDCD026FB54}.Debug|Any CPU.ActiveCfg = Debug|Any CPU
		{05899317-04E3-4316-BCDF-6FDCD026FB54}.Debug|Any CPU.Build.0 = Debug|Any CPU
		{05899317-04E3-4316-BCDF-6FDCD026FB54}.Release|Any CPU.ActiveCfg = Release|Any CPU
		{05899317-04E3-4316-BCDF-6FDCD026FB54}.Release|Any CPU.Build.0 = Release|Any CPU
		{8388692D-1A2D-4EE5-B028-1850ED49279E}.Debug|Any CPU.ActiveCfg = Debug|Any CPU
		{8388692D-1A2D-4EE5-B028-1850ED49279E}.Debug|Any CPU.Build.0 = Debug|Any CPU
		{8388692D-1A2D-4EE5-B028-1850ED49279E}.Release|Any CPU.ActiveCfg = Release|Any CPU
		{8388692D-1A2D-4EE5-B028-1850ED49279E}.Release|Any CPU.Build.0 = Release|Any CPU
		{7D90A21D-BD28-45F3-B46F-E6E9DECA5FC6}.Debug|Any CPU.ActiveCfg = Debug|Any CPU
		{7D90A21D-BD28-45F3-B46F-E6E9DECA5FC6}.Debug|Any CPU.Build.0 = Debug|Any CPU
		{7D90A21D-BD28-45F3-B46F-E6E9DECA5FC6}.Release|Any CPU.ActiveCfg = Release|Any CPU
		{7D90A21D-BD28-45F3-B46F-E6E9DECA5FC6}.Release|Any CPU.Build.0 = Release|Any CPU
		{79ABA6F7-6A18-41C5-88DD-6F9CDB5D4D03}.Debug|Any CPU.ActiveCfg = Debug|Any CPU
		{79ABA6F7-6A18-41C5-88DD-6F9CDB5D4D03}.Debug|Any CPU.Build.0 = Debug|Any CPU
		{79ABA6F7-6A18-41C5-88DD-6F9CDB5D4D03}.Release|Any CPU.ActiveCfg = Release|Any CPU
		{79ABA6F7-6A18-41C5-88DD-6F9CDB5D4D03}.Release|Any CPU.Build.0 = Release|Any CPU
		{6B7D9CA9-BE59-4A4D-B70D-64662FBBDE02}.Debug|Any CPU.ActiveCfg = Debug|Any CPU
		{6B7D9CA9-BE59-4A4D-B70D-64662FBBDE02}.Debug|Any CPU.Build.0 = Debug|Any CPU
		{6B7D9CA9-BE59-4A4D-B70D-64662FBBDE02}.Release|Any CPU.ActiveCfg = Release|Any CPU
		{6B7D9CA9-BE59-4A4D-B70D-64662FBBDE02}.Release|Any CPU.Build.0 = Release|Any CPU
	EndGlobalSection
	GlobalSection(SolutionProperties) = preSolution
		HideSolutionNode = FALSE
	EndGlobalSection
	GlobalSection(NestedProjects) = preSolution
		{2AF734BB-563C-475F-B3D6-BF6DC3A1E8A4} = {0FA8D0A8-7E65-45F0-B14E-11E0ED86A4E1}
		{1B442DD9-3F00-4E54-8E81-08A91756BAEA} = {DC004310-3502-4A7A-8B0C-FEB2A93634A8}
		{7E845263-121D-48B7-B6A2-E76C9F5D5514} = {1B3F1247-3D6D-4D64-9426-FF896505E084}
		{4741EBB2-FB03-408A-A324-B553B68BFA3B} = {6300C51F-705E-4DB2-A7D2-E35B84462FF4}
		{8CBDE28C-B470-46A2-BC8E-58D0808420CD} = {6300C51F-705E-4DB2-A7D2-E35B84462FF4}
		{C3DCD358-870D-41FB-A0A1-1F5168FFBA51} = {1B3F1247-3D6D-4D64-9426-FF896505E084}
		{F4D9D157-AED5-4223-87B9-35C5D98B18CC} = {F664D8FE-7457-4705-85F2-B1747D475B78}
		{05899317-04E3-4316-BCDF-6FDCD026FB54} = {F6CB8FDB-9348-4759-B769-527D9902D0C6}
		{8388692D-1A2D-4EE5-B028-1850ED49279E} = {B6590151-0599-4C7D-83C5-F5EAA423029D}
		{79ABA6F7-6A18-41C5-88DD-6F9CDB5D4D03} = {881ECE6E-65DC-4273-80E4-789BE76392C6}
		{6B7D9CA9-BE59-4A4D-B70D-64662FBBDE02} = {DD8F8168-692F-44CD-9C78-07C9E87A2BA2}
	EndGlobalSection
	GlobalSection(ExtensibilityGlobals) = postSolution
		SolutionGuid = {5E8ABA73-DD90-45EA-8A30-EF28D2B95DE7}
	EndGlobalSection
EndGlobal
